{
  "version": 4,
  "terraform_version": "1.3.8",
  "serial": 142,
  "lineage": "3f111b41-12ac-f146-322f-493f336922bb",
  "outputs": {},
  "resources": [
    {
      "mode": "managed",
      "type": "aci_aaep_to_domain",
      "name": "access_ports_bare_metal",
      "provider": "provider[\"registry.terraform.io/ciscodevnet/aci\"]",
      "instances": [
        {
          "schema_version": 1,
          "attributes": {
            "annotation": "orchestrator:terraform",
            "attachable_access_entity_profile_dn": "uni/infra/attentp-ACCESS-PORTS",
            "description": null,
            "domain_dn": "uni/phys-BARE-METAL",
            "id": "uni/infra/attentp-ACCESS-PORTS/rsdomP-[uni/phys-BARE-METAL]"
          },
          "sensitive_attributes": [],
          "private": "eyJzY2hlbWFfdmVyc2lvbiI6IjEifQ==",
          "dependencies": [
            "aci_attachable_access_entity_profile.access_ports",
            "aci_physical_domain.bare_metal"
          ]
        }
      ]
    },
    {
      "mode": "managed",
      "type": "aci_aaep_to_domain",
      "name": "l2_migration_bare_metal",
      "provider": "provider[\"registry.terraform.io/ciscodevnet/aci\"]",
      "instances": [
        {
          "schema_version": 1,
          "attributes": {
            "annotation": "orchestrator:terraform",
            "attachable_access_entity_profile_dn": "uni/infra/attentp-L2-MIGRATION",
            "description": null,
            "domain_dn": "uni/phys-BARE-METAL",
            "id": "uni/infra/attentp-L2-MIGRATION/rsdomP-[uni/phys-BARE-METAL]"
          },
          "sensitive_attributes": [],
          "private": "eyJzY2hlbWFfdmVyc2lvbiI6IjEifQ==",
          "dependencies": [
            "aci_attachable_access_entity_profile.l2_migration",
            "aci_physical_domain.bare_metal"
          ]
        }
      ]
    },
    {
      "mode": "managed",
      "type": "aci_access_generic",
      "name": "l2_migration",
      "provider": "provider[\"registry.terraform.io/ciscodevnet/aci\"]",
      "instances": [
        {
          "schema_version": 1,
          "attributes": {
            "annotation": "orchestrator:terraform",
            "attachable_access_entity_profile_dn": "uni/infra/attentp-L2-MIGRATION",
            "description": "",
            "id": "uni/infra/attentp-L2-MIGRATION/gen-default",
            "name": "default",
            "name_alias": ""
          },
          "sensitive_attributes": [],
          "private": "eyJzY2hlbWFfdmVyc2lvbiI6IjEifQ==",
          "dependencies": [
            "aci_attachable_access_entity_profile.l2_migration"
          ]
        }
      ]
    },
    {
      "mode": "managed",
      "type": "aci_application_epg",
      "name": "KDA",
      "provider": "provider[\"registry.terraform.io/ciscodevnet/aci\"]",
      "instances": [
        {
          "index_key": "LEGACY-VLAN20",
          "schema_version": 1,
          "attributes": {
            "annotation": "orchestrator:terraform",
            "application_profile_dn": "uni/tn-KDA/ap-LEGACY",
            "description": "",
            "exception_tag": "",
            "flood_on_encap": "disabled",
            "fwd_ctrl": "none",
            "has_mcast_source": "no",
            "id": "uni/tn-KDA/ap-LEGACY/epg-VLAN20",
            "is_attr_based_epg": "no",
            "match_t": "AtleastOne",
            "name": "VLAN20",
            "name_alias": "",
            "pc_enf_pref": "unenforced",
            "pref_gr_memb": "exclude",
            "prio": "unspecified",
            "relation_fv_rs_aepg_mon_pol": "",
            "relation_fv_rs_bd": "uni/tn-KDA/BD-NET-172.17.20.0",
            "relation_fv_rs_cons": [],
            "relation_fv_rs_cons_if": null,
            "relation_fv_rs_cust_qos_pol": "",
            "relation_fv_rs_dpp_pol": "",
            "relation_fv_rs_fc_path_att": null,
            "relation_fv_rs_intra_epg": null,
            "relation_fv_rs_node_att": null,
            "relation_fv_rs_path_att": [],
            "relation_fv_rs_prot_by": null,
            "relation_fv_rs_prov": [],
            "relation_fv_rs_prov_def": null,
            "relation_fv_rs_sec_inherited": null,
            "relation_fv_rs_trust_ctrl": "",
            "shutdown": "no"
          },
          "sensitive_attributes": [],
          "private": "eyJzY2hlbWFfdmVyc2lvbiI6IjEifQ==",
          "dependencies": [
            "aci_application_profile.KDA",
            "aci_bridge_domain.KDA",
            "aci_tenant.KDA",
            "aci_vrf.KDA"
          ]
        },
        {
          "index_key": "LEGACY-VLAN21",
          "schema_version": 1,
          "attributes": {
            "annotation": "orchestrator:terraform",
            "application_profile_dn": "uni/tn-KDA/ap-LEGACY",
            "description": "",
            "exception_tag": "",
            "flood_on_encap": "disabled",
            "fwd_ctrl": "none",
            "has_mcast_source": "no",
            "id": "uni/tn-KDA/ap-LEGACY/epg-VLAN21",
            "is_attr_based_epg": "no",
            "match_t": "AtleastOne",
            "name": "VLAN21",
            "name_alias": "",
            "pc_enf_pref": "unenforced",
            "pref_gr_memb": "exclude",
            "prio": "unspecified",
            "relation_fv_rs_aepg_mon_pol": "",
            "relation_fv_rs_bd": "uni/tn-KDA/BD-NET-172.17.21.0",
            "relation_fv_rs_cons": [],
            "relation_fv_rs_cons_if": null,
            "relation_fv_rs_cust_qos_pol": "",
            "relation_fv_rs_dpp_pol": "",
            "relation_fv_rs_fc_path_att": null,
            "relation_fv_rs_intra_epg": null,
            "relation_fv_rs_node_att": null,
            "relation_fv_rs_path_att": [],
            "relation_fv_rs_prot_by": null,
            "relation_fv_rs_prov": [],
            "relation_fv_rs_prov_def": null,
            "relation_fv_rs_sec_inherited": null,
            "relation_fv_rs_trust_ctrl": "",
            "shutdown": "no"
          },
          "sensitive_attributes": [],
          "private": "eyJzY2hlbWFfdmVyc2lvbiI6IjEifQ==",
          "dependencies": [
            "aci_application_profile.KDA",
            "aci_bridge_domain.KDA",
            "aci_tenant.KDA",
            "aci_vrf.KDA"
          ]
        }
      ]
    },
    {
      "mode": "managed",
      "type": "aci_application_profile",
      "name": "KDA",
      "provider": "provider[\"registry.terraform.io/ciscodevnet/aci\"]",
      "instances": [
        {
          "index_key": "LEGACY",
          "schema_version": 1,
          "attributes": {
            "annotation": "orchestrator:terraform",
            "description": "",
            "id": "uni/tn-KDA/ap-LEGACY",
            "name": "LEGACY",
            "name_alias": "",
            "prio": "unspecified",
            "relation_fv_rs_ap_mon_pol": "",
            "tenant_dn": "uni/tn-KDA"
          },
          "sensitive_attributes": [],
          "private": "eyJzY2hlbWFfdmVyc2lvbiI6IjEifQ==",
          "dependencies": [
            "aci_tenant.KDA"
          ]
        }
      ]
    },
    {
      "mode": "managed",
      "type": "aci_attachable_access_entity_profile",
      "name": "access_ports",
      "provider": "provider[\"registry.terraform.io/ciscodevnet/aci\"]",
      "instances": [
        {
          "schema_version": 1,
          "attributes": {
            "annotation": "orchestrator:terraform",
            "description": "",
            "id": "uni/infra/attentp-ACCESS-PORTS",
            "name": "ACCESS-PORTS",
            "name_alias": "",
            "relation_infra_rs_dom_p": []
          },
          "sensitive_attributes": [],
          "private": "eyJzY2hlbWFfdmVyc2lvbiI6IjEifQ=="
        }
      ]
    },
    {
      "mode": "managed",
      "type": "aci_attachable_access_entity_profile",
      "name": "l2_migration",
      "provider": "provider[\"registry.terraform.io/ciscodevnet/aci\"]",
      "instances": [
        {
          "schema_version": 1,
          "attributes": {
            "annotation": "orchestrator:terraform",
            "description": "",
            "id": "uni/infra/attentp-L2-MIGRATION",
            "name": "L2-MIGRATION",
            "name_alias": "",
            "relation_infra_rs_dom_p": []
          },
          "sensitive_attributes": [],
          "private": "eyJzY2hlbWFfdmVyc2lvbiI6IjEifQ=="
        }
      ]
    },
    {
      "mode": "managed",
      "type": "aci_bridge_domain",
      "name": "KDA",
      "provider": "provider[\"registry.terraform.io/ciscodevnet/aci\"]",
      "instances": [
        {
          "index_key": "NET-172.17.20.0",
          "schema_version": 1,
          "attributes": {
            "annotation": "orchestrator:terraform",
            "arp_flood": "yes",
            "bridge_domain_type": "regular",
            "description": "",
            "ep_clear": "no",
            "ep_move_detect_mode": "disable",
            "host_based_routing": "no",
            "id": "uni/tn-KDA/BD-NET-172.17.20.0",
            "intersite_bum_traffic_allow": "no",
            "intersite_l2_stretch": "no",
            "ip_learning": "yes",
            "ipv6_mcast_allow": "no",
            "limit_ip_learn_to_subnets": "yes",
            "ll_addr": "::",
            "mac": "00:22:BD:F8:19:FF",
            "mcast_allow": "no",
            "multi_dst_pkt_act": "bd-flood",
            "name": "NET-172.17.20.0",
            "name_alias": "",
            "optimize_wan_bandwidth": "no",
            "relation_fv_rs_abd_pol_mon_pol": "",
            "relation_fv_rs_bd_flood_to": null,
            "relation_fv_rs_bd_to_ep_ret": "",
            "relation_fv_rs_bd_to_fhs": "",
            "relation_fv_rs_bd_to_nd_p": "",
            "relation_fv_rs_bd_to_netflow_monitor_pol": [],
            "relation_fv_rs_bd_to_out": null,
            "relation_fv_rs_bd_to_profile": "",
            "relation_fv_rs_bd_to_relay_p": "",
            "relation_fv_rs_ctx": "uni/tn-KDA/ctx-vrf01",
            "relation_fv_rs_igmpsn": "",
            "relation_fv_rs_mldsn": "",
            "tenant_dn": "uni/tn-KDA",
            "unicast_route": "no",
            "unk_mac_ucast_act": "flood",
            "unk_mcast_act": "flood",
            "v6unk_mcast_act": "flood",
            "vmac": "not-applicable"
          },
          "sensitive_attributes": [],
          "private": "eyJzY2hlbWFfdmVyc2lvbiI6IjEifQ==",
          "dependencies": [
            "aci_tenant.KDA",
            "aci_vrf.KDA"
          ]
        },
        {
          "index_key": "NET-172.17.21.0",
          "schema_version": 1,
          "attributes": {
            "annotation": "orchestrator:terraform",
            "arp_flood": "yes",
            "bridge_domain_type": "regular",
            "description": "",
            "ep_clear": "no",
            "ep_move_detect_mode": "garp",
            "host_based_routing": "no",
            "id": "uni/tn-KDA/BD-NET-172.17.21.0",
            "intersite_bum_traffic_allow": "no",
            "intersite_l2_stretch": "no",
            "ip_learning": "yes",
            "ipv6_mcast_allow": "no",
            "limit_ip_learn_to_subnets": "yes",
            "ll_addr": "::",
            "mac": "00:22:BD:F8:19:FF",
            "mcast_allow": "no",
            "multi_dst_pkt_act": "bd-flood",
            "name": "NET-172.17.21.0",
            "name_alias": "",
            "optimize_wan_bandwidth": "no",
            "relation_fv_rs_abd_pol_mon_pol": "",
            "relation_fv_rs_bd_flood_to": null,
            "relation_fv_rs_bd_to_ep_ret": "",
            "relation_fv_rs_bd_to_fhs": "",
            "relation_fv_rs_bd_to_nd_p": "",
            "relation_fv_rs_bd_to_netflow_monitor_pol": [],
            "relation_fv_rs_bd_to_out": null,
            "relation_fv_rs_bd_to_profile": "",
            "relation_fv_rs_bd_to_relay_p": "",
            "relation_fv_rs_ctx": "uni/tn-KDA/ctx-vrf01",
            "relation_fv_rs_igmpsn": "",
            "relation_fv_rs_mldsn": "",
            "tenant_dn": "uni/tn-KDA",
            "unicast_route": "yes",
            "unk_mac_ucast_act": "proxy",
            "unk_mcast_act": "flood",
            "v6unk_mcast_act": "flood",
            "vmac": "not-applicable"
          },
          "sensitive_attributes": [],
          "private": "eyJzY2hlbWFfdmVyc2lvbiI6IjEifQ==",
          "dependencies": [
            "aci_tenant.KDA",
            "aci_vrf.KDA"
          ]
        }
      ]
    },
    {
      "mode": "managed",
      "type": "aci_epg_to_contract",
      "name": "brc",
      "provider": "provider[\"registry.terraform.io/ciscodevnet/aci\"]",
      "instances": [
        {
          "index_key": "LEGACY-VLAN20-consumer-uni/tn-KDA/brc-vrf01-any",
          "schema_version": 1,
          "attributes": {
            "annotation": "orchestrator:terraform",
            "application_epg_dn": "uni/tn-KDA/ap-LEGACY/epg-VLAN20",
            "contract_dn": "",
            "contract_type": "consumer",
            "description": null,
            "id": "uni/tn-KDA/ap-LEGACY/epg-VLAN20/rscons-vrf01-any",
            "match_t": null,
            "prio": "unspecified"
          },
          "sensitive_attributes": [],
          "private": "eyJzY2hlbWFfdmVyc2lvbiI6IjEifQ==",
          "dependencies": [
            "aci_application_epg.KDA"
          ]
        },
        {
          "index_key": "LEGACY-VLAN20-provider-uni/tn-KDA/brc-vrf01-any",
          "schema_version": 1,
          "attributes": {
            "annotation": "orchestrator:terraform",
            "application_epg_dn": "uni/tn-KDA/ap-LEGACY/epg-VLAN20",
            "contract_dn": "",
            "contract_type": "provider",
            "description": null,
            "id": "uni/tn-KDA/ap-LEGACY/epg-VLAN20/rsprov-vrf01-any",
            "match_t": "AtleastOne",
            "prio": "unspecified"
          },
          "sensitive_attributes": [],
          "private": "eyJzY2hlbWFfdmVyc2lvbiI6IjEifQ==",
          "dependencies": [
            "aci_application_epg.KDA"
          ]
        },
        {
          "index_key": "LEGACY-VLAN21-consumer-uni/tn-KDA/brc-vrf01-any",
          "schema_version": 1,
          "attributes": {
            "annotation": "orchestrator:terraform",
            "application_epg_dn": "uni/tn-KDA/ap-LEGACY/epg-VLAN21",
            "contract_dn": "",
            "contract_type": "consumer",
            "description": null,
            "id": "uni/tn-KDA/ap-LEGACY/epg-VLAN21/rscons-vrf01-any",
            "match_t": null,
            "prio": "unspecified"
          },
          "sensitive_attributes": [],
          "private": "eyJzY2hlbWFfdmVyc2lvbiI6IjEifQ==",
          "dependencies": [
            "aci_application_epg.KDA"
          ]
        },
        {
          "index_key": "LEGACY-VLAN21-provider-uni/tn-KDA/brc-vrf01-any",
          "schema_version": 1,
          "attributes": {
            "annotation": "orchestrator:terraform",
            "application_epg_dn": "uni/tn-KDA/ap-LEGACY/epg-VLAN21",
            "contract_dn": "",
            "contract_type": "provider",
            "description": null,
            "id": "uni/tn-KDA/ap-LEGACY/epg-VLAN21/rsprov-vrf01-any",
            "match_t": "AtleastOne",
            "prio": "unspecified"
          },
          "sensitive_attributes": [],
          "private": "eyJzY2hlbWFfdmVyc2lvbiI6IjEifQ==",
          "dependencies": [
            "aci_application_epg.KDA"
          ]
        }
      ]
    },
    {
      "mode": "managed",
      "type": "aci_epg_to_domain",
      "name": "bare_metal",
      "provider": "provider[\"registry.terraform.io/ciscodevnet/aci\"]",
      "instances": [
        {
          "index_key": "LEGACY-VLAN20",
          "schema_version": 1,
          "attributes": {
            "allow_micro_seg": false,
            "annotation": "orchestrator:terraform",
            "application_epg_dn": "uni/tn-KDA/ap-LEGACY/epg-VLAN20",
            "binding_type": "none",
            "custom_epg_name": "",
            "delimiter": "",
            "encap": "unknown",
            "encap_mode": "auto",
            "enhanced_lag_policy": "",
            "epg_cos": "Cos0",
            "epg_cos_pref": "disabled",
            "id": "uni/tn-KDA/ap-LEGACY/epg-VLAN20/rsdomAtt-[uni/phys-BARE-METAL]",
            "instr_imedcy": "lazy",
            "lag_policy_name": "",
            "netflow_dir": "both",
            "netflow_pref": "disabled",
            "num_ports": "0",
            "port_allocation": "none",
            "primary_encap": "unknown",
            "primary_encap_inner": "unknown",
            "res_imedcy": "lazy",
            "secondary_encap_inner": "unknown",
            "switching_mode": "native",
            "tdn": "uni/phys-BARE-METAL",
            "vmm_allow_promiscuous": "",
            "vmm_forged_transmits": "",
            "vmm_id": "{}",
            "vmm_mac_changes": ""
          },
          "sensitive_attributes": [],
          "private": "eyJzY2hlbWFfdmVyc2lvbiI6IjEifQ==",
          "dependencies": [
            "aci_application_epg.KDA",
            "aci_application_profile.KDA",
            "aci_bridge_domain.KDA",
            "aci_physical_domain.bare_metal",
            "aci_tenant.KDA",
            "aci_vrf.KDA"
          ]
        },
        {
          "index_key": "LEGACY-VLAN21",
          "schema_version": 1,
          "attributes": {
            "allow_micro_seg": false,
            "annotation": "orchestrator:terraform",
            "application_epg_dn": "uni/tn-KDA/ap-LEGACY/epg-VLAN21",
            "binding_type": "none",
            "custom_epg_name": "",
            "delimiter": "",
            "encap": "unknown",
            "encap_mode": "auto",
            "enhanced_lag_policy": "",
            "epg_cos": "Cos0",
            "epg_cos_pref": "disabled",
            "id": "uni/tn-KDA/ap-LEGACY/epg-VLAN21/rsdomAtt-[uni/phys-BARE-METAL]",
            "instr_imedcy": "lazy",
            "lag_policy_name": "",
            "netflow_dir": "both",
            "netflow_pref": "disabled",
            "num_ports": "0",
            "port_allocation": "none",
            "primary_encap": "unknown",
            "primary_encap_inner": "unknown",
            "res_imedcy": "lazy",
            "secondary_encap_inner": "unknown",
            "switching_mode": "native",
            "tdn": "uni/phys-BARE-METAL",
            "vmm_allow_promiscuous": "",
            "vmm_forged_transmits": "",
            "vmm_id": "{}",
            "vmm_mac_changes": ""
          },
          "sensitive_attributes": [],
          "private": "eyJzY2hlbWFfdmVyc2lvbiI6IjEifQ==",
          "dependencies": [
            "aci_application_epg.KDA",
            "aci_application_profile.KDA",
            "aci_bridge_domain.KDA",
            "aci_physical_domain.bare_metal",
            "aci_tenant.KDA",
            "aci_vrf.KDA"
          ]
        }
      ]
    },
    {
      "mode": "managed",
      "type": "aci_epg_to_static_path",
      "name": "accessports",
      "provider": "provider[\"registry.terraform.io/ciscodevnet/aci\"]",
      "instances": [
        {
          "index_key": "101-10",
          "schema_version": 1,
          "attributes": {
            "annotation": "orchestrator:terraform",
            "application_epg_dn": "uni/tn-KDA/ap-LEGACY/epg-VLAN20",
            "description": null,
            "encap": "vlan-20",
            "id": "uni/tn-KDA/ap-LEGACY/epg-VLAN20/rspathAtt-[topology/pod-1/paths-101/pathep-[eth1/10]]",
            "instr_imedcy": "immediate",
            "mode": "native",
            "primary_encap": "unknown",
            "tdn": "topology/pod-1/paths-101/pathep-[eth1/10]"
          },
          "sensitive_attributes": [],
          "private": "eyJzY2hlbWFfdmVyc2lvbiI6IjEifQ==",
          "dependencies": [
            "aci_application_epg.KDA",
            "aci_application_profile.KDA",
            "aci_bridge_domain.KDA",
            "aci_tenant.KDA",
            "aci_vrf.KDA"
          ]
        },
        {
          "index_key": "101-11",
          "schema_version": 1,
          "attributes": {
            "annotation": "orchestrator:terraform",
            "application_epg_dn": "uni/tn-KDA/ap-LEGACY/epg-VLAN21",
            "description": null,
            "encap": "vlan-21",
            "id": "uni/tn-KDA/ap-LEGACY/epg-VLAN21/rspathAtt-[topology/pod-1/paths-101/pathep-[eth1/11]]",
            "instr_imedcy": "immediate",
            "mode": "native",
            "primary_encap": "unknown",
            "tdn": "topology/pod-1/paths-101/pathep-[eth1/11]"
          },
          "sensitive_attributes": [],
          "private": "eyJzY2hlbWFfdmVyc2lvbiI6IjEifQ==",
          "dependencies": [
            "aci_application_epg.KDA",
            "aci_application_profile.KDA",
            "aci_bridge_domain.KDA",
            "aci_tenant.KDA",
            "aci_vrf.KDA"
          ]
        }
      ]
    },
    {
      "mode": "managed",
      "type": "aci_epgs_using_function",
      "name": "l2_migration",
      "provider": "provider[\"registry.terraform.io/ciscodevnet/aci\"]",
      "instances": [
        {
          "index_key": "LEGACY-VLAN20",
          "schema_version": 1,
          "attributes": {
            "access_generic_dn": "uni/infra/attentp-L2-MIGRATION/gen-default",
            "annotation": "orchestrator:terraform",
            "encap": "vlan-20",
            "id": "uni/infra/attentp-L2-MIGRATION/gen-default/rsfuncToEpg-[uni/tn-KDA/ap-LEGACY/epg-VLAN20]",
            "instr_imedcy": "immediate",
            "mode": "regular",
            "primary_encap": "unknown",
            "tdn": "uni/tn-KDA/ap-LEGACY/epg-VLAN20"
          },
          "sensitive_attributes": [],
          "private": "eyJzY2hlbWFfdmVyc2lvbiI6IjEifQ==",
          "dependencies": [
            "aci_access_generic.l2_migration",
            "aci_application_epg.KDA"
          ]
        },
        {
          "index_key": "LEGACY-VLAN21",
          "schema_version": 1,
          "attributes": {
            "access_generic_dn": "uni/infra/attentp-L2-MIGRATION/gen-default",
            "annotation": "orchestrator:terraform",
            "encap": "vlan-21",
            "id": "uni/infra/attentp-L2-MIGRATION/gen-default/rsfuncToEpg-[uni/tn-KDA/ap-LEGACY/epg-VLAN21]",
            "instr_imedcy": "immediate",
            "mode": "regular",
            "primary_encap": "unknown",
            "tdn": "uni/tn-KDA/ap-LEGACY/epg-VLAN21"
          },
          "sensitive_attributes": [],
          "private": "eyJzY2hlbWFfdmVyc2lvbiI6IjEifQ==",
          "dependencies": [
            "aci_access_generic.l2_migration",
            "aci_application_epg.KDA"
          ]
        }
      ]
    },
    {
      "mode": "managed",
      "type": "aci_leaf_access_port_policy_group",
      "name": "fooleaf_access_port_policy_group",
      "provider": "provider[\"registry.terraform.io/ciscodevnet/aci\"]",
      "instances": [
        {
          "schema_version": 1,
          "attributes": {
            "annotation": "orchestrator:terraform",
            "description": "",
            "id": "uni/infra/funcprof/accportgrp-ACCESS-PORTS",
            "name": "ACCESS-PORTS",
            "name_alias": "",
            "relation_infra_rs_att_ent_p": "uni/infra/attentp-ACCESS-PORTS",
            "relation_infra_rs_cdp_if_pol": "",
            "relation_infra_rs_copp_if_pol": "",
            "relation_infra_rs_dwdm_if_pol": "",
            "relation_infra_rs_fc_if_pol": "",
            "relation_infra_rs_h_if_pol": "",
            "relation_infra_rs_l2_if_pol": "",
            "relation_infra_rs_l2_inst_pol": "",
            "relation_infra_rs_l2_port_auth_pol": "",
            "relation_infra_rs_l2_port_security_pol": "",
            "relation_infra_rs_lldp_if_pol": "",
            "relation_infra_rs_macsec_if_pol": "",
            "relation_infra_rs_mcp_if_pol": "",
            "relation_infra_rs_mon_if_infra_pol": "",
            "relation_infra_rs_netflow_monitor_pol": [],
            "relation_infra_rs_poe_if_pol": "",
            "relation_infra_rs_qos_dpp_if_pol": "",
            "relation_infra_rs_qos_egress_dpp_if_pol": "",
            "relation_infra_rs_qos_ingress_dpp_if_pol": "",
            "relation_infra_rs_qos_pfc_if_pol": "",
            "relation_infra_rs_qos_sd_if_pol": "",
            "relation_infra_rs_span_v_dest_grp": null,
            "relation_infra_rs_span_v_src_grp": null,
            "relation_infra_rs_stormctrl_if_pol": "",
            "relation_infra_rs_stp_if_pol": ""
          },
          "sensitive_attributes": [],
          "private": "eyJzY2hlbWFfdmVyc2lvbiI6IjEifQ=="
        }
      ]
    },
    {
      "mode": "managed",
      "type": "aci_physical_domain",
      "name": "bare_metal",
      "provider": "provider[\"registry.terraform.io/ciscodevnet/aci\"]",
      "instances": [
        {
          "schema_version": 1,
          "attributes": {
            "annotation": "orchestrator:terraform",
            "id": "uni/phys-BARE-METAL",
            "name": "BARE-METAL",
            "name_alias": "",
            "relation_infra_rs_dom_vxlan_ns_def": "",
            "relation_infra_rs_vip_addr_ns": "",
            "relation_infra_rs_vlan_ns": "uni/infra/vlanns-[BARE-METAL]-static",
            "relation_infra_rs_vlan_ns_def": ""
          },
          "sensitive_attributes": [],
          "private": "eyJzY2hlbWFfdmVyc2lvbiI6IjEifQ=="
        }
      ]
    },
    {
      "mode": "managed",
      "type": "aci_ranges",
      "name": "range",
      "provider": "provider[\"registry.terraform.io/ciscodevnet/aci\"]",
      "instances": [
        {
          "index_key": "LEGACY-VLAN20",
          "schema_version": 1,
          "attributes": {
            "alloc_mode": "inherit",
            "annotation": "orchestrator:terraform",
            "description": "",
            "from": "vlan-20",
            "id": "uni/infra/vlanns-[BARE-METAL]-static/from-[vlan-20]-to-[vlan-20]",
            "name_alias": "",
            "role": "external",
            "to": "vlan-20",
            "vlan_pool_dn": "uni/infra/vlanns-[BARE-METAL]-static"
          },
          "sensitive_attributes": [],
          "private": "eyJzY2hlbWFfdmVyc2lvbiI6IjEifQ==",
          "dependencies": [
            "aci_vlan_pool.bare-metal"
          ]
        },
        {
          "index_key": "LEGACY-VLAN21",
          "schema_version": 1,
          "attributes": {
            "alloc_mode": "inherit",
            "annotation": "orchestrator:terraform",
            "description": "",
            "from": "vlan-21",
            "id": "uni/infra/vlanns-[BARE-METAL]-static/from-[vlan-21]-to-[vlan-21]",
            "name_alias": "",
            "role": "external",
            "to": "vlan-21",
            "vlan_pool_dn": "uni/infra/vlanns-[BARE-METAL]-static"
          },
          "sensitive_attributes": [],
          "private": "eyJzY2hlbWFfdmVyc2lvbiI6IjEifQ==",
          "dependencies": [
            "aci_vlan_pool.bare-metal"
          ]
        }
      ]
    },
    {
      "mode": "managed",
      "type": "aci_subnet",
      "name": "KDA",
      "provider": "provider[\"registry.terraform.io/ciscodevnet/aci\"]",
      "instances": [
        {
          "index_key": "vrf01-10.45.99.1/24",
          "schema_version": 1,
          "attributes": {
            "annotation": "orchestrator:terraform",
            "anycast_mac": "",
            "ctrl": [
              "nd"
            ],
            "description": "",
            "id": "uni/tn-KDA/BD-NET-172.17.21.0/subnet-[10.45.99.1/24]",
            "ip": "10.45.99.1/24",
            "msnlb": [],
            "name_alias": "",
            "next_hop_addr": "",
            "parent_dn": "uni/tn-KDA/BD-NET-172.17.21.0",
            "preferred": "no",
            "relation_fv_rs_bd_subnet_to_out": null,
            "relation_fv_rs_bd_subnet_to_profile": "",
            "relation_fv_rs_nd_pfx_pol": "",
            "scope": [
              "public"
            ],
            "virtual": "no"
          },
          "sensitive_attributes": [],
          "private": "eyJzY2hlbWFfdmVyc2lvbiI6IjEifQ==",
          "dependencies": [
            "aci_bridge_domain.KDA",
            "aci_tenant.KDA",
            "aci_vrf.KDA"
          ]
        }
      ]
    },
    {
      "mode": "managed",
      "type": "aci_tenant",
      "name": "KDA",
      "provider": "provider[\"registry.terraform.io/ciscodevnet/aci\"]",
      "instances": [
        {
          "schema_version": 1,
          "attributes": {
            "annotation": "orchestrator:terraform",
            "description": "",
            "id": "uni/tn-KDA",
            "name": "KDA",
            "name_alias": "",
            "relation_fv_rs_tenant_mon_pol": "",
            "relation_fv_rs_tn_deny_rule": null
          },
          "sensitive_attributes": [],
          "private": "eyJzY2hlbWFfdmVyc2lvbiI6IjEifQ=="
        }
      ]
    },
    {
      "mode": "managed",
      "type": "aci_vlan_pool",
      "name": "bare-metal",
      "provider": "provider[\"registry.terraform.io/ciscodevnet/aci\"]",
      "instances": [
        {
          "schema_version": 1,
          "attributes": {
            "alloc_mode": "static",
            "annotation": "orchestrator:terraform",
            "description": "",
            "id": "uni/infra/vlanns-[BARE-METAL]-static",
            "name": "BARE-METAL",
            "name_alias": ""
          },
          "sensitive_attributes": [],
          "private": "eyJzY2hlbWFfdmVyc2lvbiI6IjEifQ=="
        }
      ]
    },
    {
      "mode": "managed",
      "type": "aci_vrf",
      "name": "KDA",
      "provider": "provider[\"registry.terraform.io/ciscodevnet/aci\"]",
      "instances": [
        {
          "index_key": "vrf01",
          "schema_version": 1,
          "attributes": {
            "annotation": "orchestrator:terraform",
            "bd_enforced_enable": "no",
            "description": "",
            "id": "uni/tn-KDA/ctx-vrf01",
            "ip_data_plane_learning": "enabled",
            "knw_mcast_act": "permit",
            "name": "vrf01",
            "name_alias": "",
            "pc_enf_dir": "ingress",
            "pc_enf_pref": "enforced",
            "relation_fv_rs_bgp_ctx_pol": "",
            "relation_fv_rs_ctx_mcast_to": null,
            "relation_fv_rs_ctx_mon_pol": "",
            "relation_fv_rs_ctx_to_bgp_ctx_af_pol": [],
            "relation_fv_rs_ctx_to_eigrp_ctx_af_pol": [],
            "relation_fv_rs_ctx_to_ep_ret": "",
            "relation_fv_rs_ctx_to_ext_route_tag_pol": "",
            "relation_fv_rs_ctx_to_ospf_ctx_pol": [],
            "relation_fv_rs_ospf_ctx_pol": "",
            "relation_fv_rs_vrf_validation_pol": "",
            "tenant_dn": "uni/tn-KDA"
          },
          "sensitive_attributes": [],
          "private": "eyJzY2hlbWFfdmVyc2lvbiI6IjEifQ==",
          "dependencies": [
            "aci_tenant.KDA"
          ]
        }
      ]
    }
  ],
  "check_results": null
}
